
Microsoft Visual Studio Solution File, Format Version 12.00
# Visual Studio Version 17
VisualStudioVersion = 17.10.35004.147
MinimumVisualStudioVersion = 10.0.40219.1
Project("{9A19103F-16F7-4668-BE54-9A1E7A4F7556}") = "FinancialInstruments.Api", "FinancialInstruments.Api\FinancialInstruments.Api.csproj", "{EF53EA1B-54E5-48E7-A17E-BABE0CE32490}"
EndProject
Project("{FAE04EC0-301F-11D3-BF4B-00C04F79EFBC}") = "FinancialInstruments.Integration", "FinancialInstruments.Integration\FinancialInstruments.Integration.csproj", "{C231B1A7-647B-433D-992A-AE1247143AD4}"
EndProject
Project("{FAE04EC0-301F-11D3-BF4B-00C04F79EFBC}") = "FinancialInstruments.Domain", "FinancialInstruments.Domain\FinancialInstruments.Domain.csproj", "{FB491672-9E2D-4E30-AA65-9EDD361C15D0}"
EndProject
Project("{9A19103F-16F7-4668-BE54-9A1E7A4F7556}") = "FinancialInstruments.Logic", "FinancialInstruments.Logic\FinancialInstruments.Logic.csproj", "{F5802002-436A-43EC-823E-7758920DE817}"
EndProject
Global
	GlobalSection(SolutionConfigurationPlatforms) = preSolution
		Debug|Any CPU = Debug|Any CPU
		Release|Any CPU = Release|Any CPU
	EndGlobalSection
	GlobalSection(ProjectConfigurationPlatforms) = postSolution
		{EF53EA1B-54E5-48E7-A17E-BABE0CE32490}.Debug|Any CPU.ActiveCfg = Debug|Any CPU
		{EF53EA1B-54E5-48E7-A17E-BABE0CE32490}.Debug|Any CPU.Build.0 = Debug|Any CPU
		{EF53EA1B-54E5-48E7-A17E-BABE0CE32490}.Release|Any CPU.ActiveCfg = Release|Any CPU
		{EF53EA1B-54E5-48E7-A17E-BABE0CE32490}.Release|Any CPU.Build.0 = Release|Any CPU
		{C231B1A7-647B-433D-992A-AE1247143AD4}.Debug|Any CPU.ActiveCfg = Debug|Any CPU
		{C231B1A7-647B-433D-992A-AE1247143AD4}.Debug|Any CPU.Build.0 = Debug|Any CPU
		{C231B1A7-647B-433D-992A-AE1247143AD4}.Release|Any CPU.ActiveCfg = Release|Any CPU
		{C231B1A7-647B-433D-992A-AE1247143AD4}.Release|Any CPU.Build.0 = Release|Any CPU
		{FB491672-9E2D-4E30-AA65-9EDD361C15D0}.Debug|Any CPU.ActiveCfg = Debug|Any CPU
		{FB491672-9E2D-4E30-AA65-9EDD361C15D0}.Debug|Any CPU.Build.0 = Debug|Any CPU
		{FB491672-9E2D-4E30-AA65-9EDD361C15D0}.Release|Any CPU.ActiveCfg = Release|Any CPU
		{FB491672-9E2D-4E30-AA65-9EDD361C15D0}.Release|Any CPU.Build.0 = Release|Any CPU
		{F5802002-436A-43EC-823E-7758920DE817}.Debug|Any CPU.ActiveCfg = Debug|Any CPU
		{F5802002-436A-43EC-823E-7758920DE817}.Debug|Any CPU.Build.0 = Debug|Any CPU
		{F5802002-436A-43EC-823E-7758920DE817}.Release|Any CPU.ActiveCfg = Release|Any CPU
		{F5802002-436A-43EC-823E-7758920DE817}.Release|Any CPU.Build.0 = Release|Any CPU
	EndGlobalSection
	GlobalSection(SolutionProperties) = preSolution
		HideSolutionNode = FALSE
	EndGlobalSection
	GlobalSection(ExtensibilityGlobals) = postSolution
		SolutionGuid = {86A527AB-8991-4A92-A029-F24B45AAE96A}
	EndGlobalSection
EndGlobal
